# This file was autogenerated by uv via the following command:
#    uv pip compile requirements.txt --output-file=requirements.lock --strip-extras
alembic==1.19.1
    # via -r requirements.txt
bcrypt==5.0.0
    # via -r requirements.txt
bidict==0.23.1
    # via python-socketio
blinker==1.9.0
    # via
    #   flask
    #   flask-socketio
certifi==2026.7.22
    # via requests
charset-normalizer==3.5.1
    # via requests
click==8.4.2
    # via
    #   flask
    #   flask-socketio
    #   rq
colorama==0.4.6
    # via
    #   click
    #   pytest
coverage==7.15.4
    # via pytest-cov
croniter==6.2.4
    # via
    #   -r requirements.txt
    #   rq
deprecated==1.3.1
    # via limits
flask==3.1.3
    # via
    #   -r requirements.txt
    #   flask-cors
    #   flask-limiter
    #   flask-socketio
    #   flask-wtf
flask-cors==6.0.5
    # via -r requirements.txt
flask-limiter==4.1.1
    # via -r requirements.txt
flask-socketio==5.6.1
    # via -r requirements.txt
flask-wtf==1.3.0
    # via -r requirements.txt
greenlet==3.5.5
    # via sqlalchemy
h11==0.16.0
    # via wsproto
idna==3.19
    # via requests
iniconfig==2.3.0
    # via pytest
itsdangerous==2.2.0
    # via
    #   flask
    #   flask-wtf
jinja2==3.1.6
    # via
    #   flask
    #   flask-socketio
limits==5.8.0
    # via flask-limiter
mako==1.4.1
    # via alembic
markdown-it-py==4.2.0
    # via rich
markupsafe==3.0.3
    # via
    #   flask
    #   jinja2
    #   mako
    #   werkzeug
    #   wtforms
mdurl==0.1.2
    # via markdown-it-py
numpy==2.5.2
    # via
    #   -r requirements.txt
    #   pandas
ordered-set==4.1.0
    # via flask-limiter
packaging==26.3
    # via
    #   limits
    #   pytest
pandas==3.0.5
    # via -r requirements.txt
pillow==12.3.0
    # via -r requirements.txt
pluggy==1.6.0
    # via
    #   pytest
    #   pytest-cov
psycopg2-binary==2.9.12
    # via -r requirements.txt
pygments==2.21.0
    # via
    #   pytest
    #   rich
pypng==0.20220715.0
    # via -r requirements.txt
pyqrcode==1.2.1
    # via -r requirements.txt
pytest==9.1.1
    # via
    #   -r requirements.txt
    #   pytest-cov
pytest-cov==7.1.0
    # via -r requirements.txt
python-dateutil==2.9.0.post0
    # via
    #   croniter
    #   pandas
python-dotenv==1.2.3
    # via -r requirements.txt
python-engineio==4.13.5
    # via python-socketio
python-socketio==5.16.4
    # via flask-socketio
redis==8.1.0
    # via
    #   -r requirements.txt
    #   rq
requests==2.34.2
    # via -r requirements.txt
rich==15.0.0
    # via -r requirements.txt
rq==2.11.0
    # via -r requirements.txt
simple-websocket==1.1.0
    # via python-engineio
six==1.17.0
    # via python-dateutil
sqlalchemy==2.0.52
    # via
    #   -r requirements.txt
    #   alembic
typing-extensions==4.16.0
    # via
    #   alembic
    #   flask-limiter
    #   limits
    #   sqlalchemy
tzdata==2026.3
    # via pandas
urllib3==2.7.0
    # via requests
werkzeug==3.1.8
    # via
    #   flask
    #   flask-cors
    #   flask-socketio
wrapt==2.3.0
    # via deprecated
wsproto==1.3.2
    # via simple-websocket
wtforms==3.2.2
    # via flask-wtf
